
Microsoft Visual Studio Solution File, Format Version 12.00
# Visual Studio Version 16
VisualStudioVersion = 16.0.34031.81
MinimumVisualStudioVersion = 10.0.40219.1
Project("{8BC9CEB8-8B4A-11D0-8D11-00A0C91BC942}") = "SeqSearch", "SeqSearch.vcxproj", "{765EA56A-5489-4683-8E06-39E8F8C9936C}"
EndProject
Global
	GlobalSection(SolutionConfigurationPlatforms) = preSolution
		Debug|x64 = Debug|x64
		Debug|x86 = Debug|x86
		Release|x64 = Release|x64
		Release|x86 = Release|x86
	EndGlobalSection
	GlobalSection(ProjectConfigurationPlatforms) = postSolution
		{765EA56A-5489-4683-8E06-39E8F8C9936C}.Debug|x64.ActiveCfg = Debug|x64
		{765EA56A-5489-4683-8E06-39E8F8C9936C}.Debug|x64.Build.0 = Debug|x64
		{765EA56A-5489-4683-8E06-39E8F8C9936C}.Debug|x86.ActiveCfg = Debug|Win32
		{765EA56A-5489-4683-8E06-39E8F8C9936C}.Debug|x86.Build.0 = Debug|Win32
		{765EA56A-5489-4683-8E06-39E8F8C9936C}.Release|x64.ActiveCfg = Release|x64
		{765EA56A-5489-4683-8E06-39E8F8C9936C}.Release|x64.Build.0 = Release|x64
		{765EA56A-5489-4683-8E06-39E8F8C9936C}.Release|x86.ActiveCfg = Release|Win32
		{765EA56A-5489-4683-8E06-39E8F8C9936C}.Release|x86.Build.0 = Release|Win32
	EndGlobalSection
	GlobalSection(SolutionProperties) = preSolution
		HideSolutionNode = FALSE
	EndGlobalSection
	GlobalSection(ExtensibilityGlobals) = postSolution
		SolutionGuid = {66BEE085-D00B-4CE7-B9ED-5346C44EF2CE}
	EndGlobalSection
EndGlobal
