
Microsoft Visual Studio Solution File, Format Version 12.00
# Visual Studio Version 16
VisualStudioVersion = 16.0.34031.81
MinimumVisualStudioVersion = 10.0.40219.1
Project("{8BC9CEB8-8B4A-11D0-8D11-00A0C91BC942}") = "LinklistTest", "LinklistTest.vcxproj", "{B7297458-F1B2-4895-BC82-F22AAADECFD2}"
EndProject
Global
	GlobalSection(SolutionConfigurationPlatforms) = preSolution
		Debug|x64 = Debug|x64
		Debug|x86 = Debug|x86
		Release|x64 = Release|x64
		Release|x86 = Release|x86
	EndGlobalSection
	GlobalSection(ProjectConfigurationPlatforms) = postSolution
		{B7297458-F1B2-4895-BC82-F22AAADECFD2}.Debug|x64.ActiveCfg = Debug|x64
		{B7297458-F1B2-4895-BC82-F22AAADECFD2}.Debug|x64.Build.0 = Debug|x64
		{B7297458-F1B2-4895-BC82-F22AAADECFD2}.Debug|x86.ActiveCfg = Debug|Win32
		{B7297458-F1B2-4895-BC82-F22AAADECFD2}.Debug|x86.Build.0 = Debug|Win32
		{B7297458-F1B2-4895-BC82-F22AAADECFD2}.Release|x64.ActiveCfg = Release|x64
		{B7297458-F1B2-4895-BC82-F22AAADECFD2}.Release|x64.Build.0 = Release|x64
		{B7297458-F1B2-4895-BC82-F22AAADECFD2}.Release|x86.ActiveCfg = Release|Win32
		{B7297458-F1B2-4895-BC82-F22AAADECFD2}.Release|x86.Build.0 = Release|Win32
	EndGlobalSection
	GlobalSection(SolutionProperties) = preSolution
		HideSolutionNode = FALSE
	EndGlobalSection
	GlobalSection(ExtensibilityGlobals) = postSolution
		SolutionGuid = {34DD8C72-2637-4DDD-93CB-6EDEB9A0E9CD}
	EndGlobalSection
EndGlobal
